
Microsoft Visual Studio Solution File, Format Version 12.00
# Visual Studio Version 16
VisualStudioVersion = 16.0.28803.202
MinimumVisualStudioVersion = 10.0.40219.1
Project("{9A19103F-16F7-4668-BE54-9A1E7A4F7556}") = "HelloWorld", "HelloWorld.csproj", "{87AF8088-D75B-43C5-9114-DC0E77991DBF}"
EndProject
Global
	GlobalSection(SolutionConfigurationPlatforms) = preSolution
		Debug|Any CPU = Debug|Any CPU
		Release|Any CPU = Release|Any CPU
	EndGlobalSection
	GlobalSection(ProjectConfigurationPlatforms) = postSolution
		{87AF8088-D75B-43C5-9114-DC0E77991DBF}.Debug|Any CPU.ActiveCfg = Debug|Any CPU
		{87AF8088-D75B-43C5-9114-DC0E77991DBF}.Debug|Any CPU.Build.0 = Debug|Any CPU
		{87AF8088-D75B-43C5-9114-DC0E77991DBF}.Release|Any CPU.ActiveCfg = Release|Any CPU
		{87AF8088-D75B-43C5-9114-DC0E77991DBF}.Release|Any CPU.Build.0 = Release|Any CPU
	EndGlobalSection
	GlobalSection(SolutionProperties) = preSolution
		HideSolutionNode = FALSE
	EndGlobalSection
	GlobalSection(ExtensibilityGlobals) = postSolution
		SolutionGuid = {6F2AAADB-F297-46FD-B5D6-4CA50796F55B}
	EndGlobalSection
EndGlobal
